{
  "name": "@lime-material/list",
  "version": "0.41.0",
  "lockfileVersion": 1,
  "requires": true,
  "dependencies": {
    "@lime-material/base": {
      "version": "0.41.0"
    },
    "@lime-material/dom": {
      "version": "0.41.0"
    },
    "@lime-material/ripple": {
      "version": "0.41.0",
      "requires": {
        "@lime-material/animation": "^0.41.0",
        "@lime-material/base": "^0.41.0",
        "@lime-material/theme": "^0.41.0"
      },
      "dependencies": {
        "@lime-material/animation": {
          "version": "0.41.0",
          "bundled": true
        },
        "@lime-material/base": {
          "version": "0.41.0",
          "bundled": true
        },
        "@lime-material/theme": {
          "version": "0.41.0",
          "bundled": true
        }
      }
    },
    "@lime-material/rtl": {
      "version": "0.40.1"
    },
    "@lime-material/shape": {
      "version": "0.41.0"
    },
    "@lime-material/theme": {
      "version": "0.41.0"
    },
    "@lime-material/typography": {
      "version": "0.41.0"
    }
  }
}
