{
  "name": "@lime-material-16px/list",
  "version": "0.41.0",
  "lockfileVersion": 1,
  "requires": true,
  "dependencies": {
    "@lime-material-16px/base": {
      "version": "0.41.0"
    },
    "@lime-material-16px/dom": {
      "version": "0.41.0"
    },
    "@lime-material-16px/ripple": {
      "version": "0.41.0",
      "requires": {
        "@lime-material-16px/animation": "^0.41.0",
        "@lime-material-16px/base": "^0.41.0",
        "@lime-material-16px/theme": "^0.41.0"
      },
      "dependencies": {
        "@lime-material-16px/animation": {
          "version": "0.41.0",
          "bundled": true
        },
        "@lime-material-16px/base": {
          "version": "0.41.0",
          "bundled": true
        },
        "@lime-material-16px/theme": {
          "version": "0.41.0",
          "bundled": true
        }
      }
    },
    "@lime-material-16px/rtl": {
      "version": "0.40.1"
    },
    "@lime-material-16px/shape": {
      "version": "0.41.0"
    },
    "@lime-material-16px/theme": {
      "version": "0.41.0"
    },
    "@lime-material-16px/typography": {
      "version": "0.41.0"
    }
  }
}
